Microsoft Visual Studio Solution File, Format Version 12.00
# Visual Studio Version 17
VisualStudioVersion = 17.5.2.0
MinimumVisualStudioVersion = 10.0.40219.1
Project("{FAE04EC0-301F-11D3-BF4B-00C04F79EFBC}") = "MonitoramentoEscolarAPI", "MonitoramentoEscolarAPI.csproj", "{CCCA8ECB-3981-A794-A4D8-4049D6528336}"
EndProject
Global
	GlobalSection(SolutionConfigurationPlatforms) = preSolution
		Debug|Any CPU = Debug|Any CPU
		Release|Any CPU = Release|Any CPU
	EndGlobalSection
	GlobalSection(ProjectConfigurationPlatforms) = postSolution
		{CCCA8ECB-3981-A794-A4D8-4049D6528336}.Debug|Any CPU.ActiveCfg = Debug|Any CPU
		{CCCA8ECB-3981-A794-A4D8-4049D6528336}.Debug|Any CPU.Build.0 = Debug|Any CPU
		{CCCA8ECB-3981-A794-A4D8-4049D6528336}.Release|Any CPU.ActiveCfg = Release|Any CPU
		{CCCA8ECB-3981-A794-A4D8-4049D6528336}.Release|Any CPU.Build.0 = Release|Any CPU
	EndGlobalSection
	GlobalSection(SolutionProperties) = preSolution
		HideSolutionNode = FALSE
	EndGlobalSection
	GlobalSection(ExtensibilityGlobals) = postSolution
		SolutionGuid = {78D411C9-FAED-495C-BC5B-AC2337EF59DF}
	EndGlobalSection
EndGlobal
